version = 1
revision = 3
requires-python = ">=3.11"

[[package]]
name = "importlib-metadata"
version = "8.7.0"
source = { registry = "https://repo.mam.dev/artifactory/api/pypi/pypi-mam/simple" }
dependencies = [
    { name = "zipp" },
]
sdist = { url = "https://repo.mam.dev/artifactory/api/pypi/pypi-mam/packages/packages/76/66/650a33bd90f786193e4de4b3ad86ea60b53c89b669a5c7be931fac31cdb0/importlib_metadata-8.7.0.tar.gz", hash = "sha256:d13b81ad223b890aa16c5471f2ac3056cf76c5f10f82d6f9292f0b415f389000" }
wheels = [
    { url = "https://repo.mam.dev/artifactory/api/pypi/pypi-mam/packages/packages/20/b0/36bd937216ec521246249be3bf9855081de4c5e06a0c9b4219dbeda50373/importlib_metadata-8.7.0-py3-none-any.whl", hash = "sha256:e5dd1551894c77868a30651cef00984d50e1002d06942a7101d34870c5f02afd" },
]

[[package]]
name = "uv-top-level-issue"
version = "0.1.0"
source = { editable = "." }

[package.dev-dependencies]
dev = [
    { name = "importlib-metadata" },
]

[package.metadata]

[package.metadata.requires-dev]
dev = [{ name = "importlib-metadata" }]

[[package]]
name = "zipp"
version = "3.23.0"
source = { registry = "https://repo.mam.dev/artifactory/api/pypi/pypi-mam/simple" }
sdist = { url = "https://repo.mam.dev/artifactory/api/pypi/pypi-mam/packages/packages/e3/02/0f2892c661036d50ede074e376733dca2ae7c6eb617489437771209d4180/zipp-3.23.0.tar.gz", hash = "sha256:a07157588a12518c9d4034df3fbbee09c814741a33ff63c05fa29d26a2404166" }
wheels = [
    { url = "https://repo.mam.dev/artifactory/api/pypi/pypi-mam/packages/packages/2e/54/647ade08bf0db230bfea292f893923872fd20be6ac6f53b2b936ba839d75/zipp-3.23.0-py3-none-any.whl", hash = "sha256:071652d6115ed432f5ce1d34c336c0adfd6a884660d1e9712a256d3d3bd4b14e" },
]
